
Microsoft Visual Studio Solution File, Format Version 12.00
# Visual Studio Version 17
VisualStudioVersion = 17.3.32922.545
MinimumVisualStudioVersion = 10.0.40219.1
Project("{FAE04EC0-301F-11D3-BF4B-00C04F79EFBC}") = "Lab1_61", "Lab1_61\Lab1_61.csproj", "{0F34CC06-1DB8-4B86-B4BF-EEDB7A8FBEC6}"
EndProject
Global
	GlobalSection(SolutionConfigurationPlatforms) = preSolution
		Debug|Any CPU = Debug|Any CPU
		Release|Any CPU = Release|Any CPU
	EndGlobalSection
	GlobalSection(ProjectConfigurationPlatforms) = postSolution
		{0F34CC06-1DB8-4B86-B4BF-EEDB7A8FBEC6}.Debug|Any CPU.ActiveCfg = Debug|Any CPU
		{0F34CC06-1DB8-4B86-B4BF-EEDB7A8FBEC6}.Debug|Any CPU.Build.0 = Debug|Any CPU
		{0F34CC06-1DB8-4B86-B4BF-EEDB7A8FBEC6}.Release|Any CPU.ActiveCfg = Release|Any CPU
		{0F34CC06-1DB8-4B86-B4BF-EEDB7A8FBEC6}.Release|Any CPU.Build.0 = Release|Any CPU
	EndGlobalSection
	GlobalSection(SolutionProperties) = preSolution
		HideSolutionNode = FALSE
	EndGlobalSection
	GlobalSection(ExtensibilityGlobals) = postSolution
		SolutionGuid = {C1104C70-EA2D-4D71-AEE7-219F8C1C9D11}
	EndGlobalSection
EndGlobal
