
Microsoft Visual Studio Solution File, Format Version 12.00
# Visual Studio Version 17
VisualStudioVersion = 17.3.32922.545
MinimumVisualStudioVersion = 10.0.40219.1
Project("{FAE04EC0-301F-11D3-BF4B-00C04F79EFBC}") = "Lab2_61", "Lab2_61\Lab2_61.csproj", "{94AD67E7-01D5-4D4D-B6D8-5958DD4473A1}"
EndProject
Global
	GlobalSection(SolutionConfigurationPlatforms) = preSolution
		Debug|Any CPU = Debug|Any CPU
		Release|Any CPU = Release|Any CPU
	EndGlobalSection
	GlobalSection(ProjectConfigurationPlatforms) = postSolution
		{94AD67E7-01D5-4D4D-B6D8-5958DD4473A1}.Debug|Any CPU.ActiveCfg = Debug|Any CPU
		{94AD67E7-01D5-4D4D-B6D8-5958DD4473A1}.Debug|Any CPU.Build.0 = Debug|Any CPU
		{94AD67E7-01D5-4D4D-B6D8-5958DD4473A1}.Release|Any CPU.ActiveCfg = Release|Any CPU
		{94AD67E7-01D5-4D4D-B6D8-5958DD4473A1}.Release|Any CPU.Build.0 = Release|Any CPU
	EndGlobalSection
	GlobalSection(SolutionProperties) = preSolution
		HideSolutionNode = FALSE
	EndGlobalSection
	GlobalSection(ExtensibilityGlobals) = postSolution
		SolutionGuid = {10258519-3E47-4A84-9CC6-7BAC8DF01B63}
	EndGlobalSection
EndGlobal
